
Microsoft Visual Studio Solution File, Format Version 12.00
# Visual Studio Version 17
VisualStudioVersion = 17.12.35707.178
MinimumVisualStudioVersion = 10.0.40219.1
Project("{FAE04EC0-301F-11D3-BF4B-00C04F79EFBC}") = "CorpNetMessenger", "CorpNetMessenger\CorpNetMessenger.csproj", "{429F838B-D248-488C-AE8A-75B625EA4943}"
EndProject
Project("{FAE04EC0-301F-11D3-BF4B-00C04F79EFBC}") = "CorpNetMessenger.Tests", "CorpNetMessenger.Tests\CorpNetMessenger.Tests.csproj", "{156A6A49-6B64-413F-9C0D-55CC2EF28DBC}"
EndProject
Project("{FAE04EC0-301F-11D3-BF4B-00C04F79EFBC}") = "TestRazorPages_VSCODE", "..\TestRazorPages_VSCODE\TestRazorPages_VSCODE.csproj", "{80074D6C-9C7E-4C88-A0D6-6E460D9EFCAA}"
EndProject
Global
	GlobalSection(SolutionConfigurationPlatforms) = preSolution
		Debug|Any CPU = Debug|Any CPU
		Release|Any CPU = Release|Any CPU
	EndGlobalSection
	GlobalSection(ProjectConfigurationPlatforms) = postSolution
		{429F838B-D248-488C-AE8A-75B625EA4943}.Debug|Any CPU.ActiveCfg = Debug|Any CPU
		{429F838B-D248-488C-AE8A-75B625EA4943}.Debug|Any CPU.Build.0 = Debug|Any CPU
		{429F838B-D248-488C-AE8A-75B625EA4943}.Release|Any CPU.ActiveCfg = Release|Any CPU
		{429F838B-D248-488C-AE8A-75B625EA4943}.Release|Any CPU.Build.0 = Release|Any CPU
		{156A6A49-6B64-413F-9C0D-55CC2EF28DBC}.Debug|Any CPU.ActiveCfg = Debug|Any CPU
		{156A6A49-6B64-413F-9C0D-55CC2EF28DBC}.Debug|Any CPU.Build.0 = Debug|Any CPU
		{156A6A49-6B64-413F-9C0D-55CC2EF28DBC}.Release|Any CPU.ActiveCfg = Release|Any CPU
		{156A6A49-6B64-413F-9C0D-55CC2EF28DBC}.Release|Any CPU.Build.0 = Release|Any CPU
		{80074D6C-9C7E-4C88-A0D6-6E460D9EFCAA}.Debug|Any CPU.ActiveCfg = Debug|Any CPU
		{80074D6C-9C7E-4C88-A0D6-6E460D9EFCAA}.Debug|Any CPU.Build.0 = Debug|Any CPU
		{80074D6C-9C7E-4C88-A0D6-6E460D9EFCAA}.Release|Any CPU.ActiveCfg = Release|Any CPU
		{80074D6C-9C7E-4C88-A0D6-6E460D9EFCAA}.Release|Any CPU.Build.0 = Release|Any CPU
	EndGlobalSection
	GlobalSection(SolutionProperties) = preSolution
		HideSolutionNode = FALSE
	EndGlobalSection
EndGlobal
